// !$*UTF8*$!
{
	archiveVersion = 1;
	classes = {
	};
	objectVersion = 46;
	objects = {

/* Begin PBXBuildFile section */
		B0EAACF8433D45BFB226C20F /* libPods.a in Frameworks */ = {isa = PBXBuildFile; fileRef = EB5E4D5865F9401FBDFFE722 /* libPods.a */; };
		CB076DB5196BBE8C00BA4B65 /* Foundation.framework in Frameworks */ = {isa = PBXBuildFile; fileRef = CB076DB4196BBE8C00BA4B65 /* Foundation.framework */; };
		CB076DB7196BBE8C00BA4B65 /* CoreGraphics.framework in Frameworks */ = {isa = PBXBuildFile; fileRef = CB076DB6196BBE8C00BA4B65 /* CoreGraphics.framework */; };
		CB076DB9196BBE8C00BA4B65 /* UIKit.framework in Frameworks */ = {isa = PBXBuildFile; fileRef = CB076DB8196BBE8C00BA4B65 /* UIKit.framework */; };
		CB076DBF196BBE8C00BA4B65 /* InfoPlist.strings in Resources */ = {isa = PBXBuildFile; fileRef = CB076DBD196BBE8C00BA4B65 /* InfoPlist.strings */; };
		CB076DC1196BBE8C00BA4B65 /* main.m in Sources */ = {isa = PBXBuildFile; fileRef = CB076DC0196BBE8C00BA4B65 /* main.m */; };
		CB076DC5196BBE8C00BA4B65 /* NDYAppDelegate.m in Sources */ = {isa = PBXBuildFile; fileRef = CB076DC4196BBE8C00BA4B65 /* NDYAppDelegate.m */; };
		CB076DC8196BBE8C00BA4B65 /* Main.storyboard in Resources */ = {isa = PBXBuildFile; fileRef = CB076DC6196BBE8C00BA4B65 /* Main.storyboard */; };
		CB076DCB196BBE8C00BA4B65 /* NDYViewController.m in Sources */ = {isa = PBXBuildFile; fileRef = CB076DCA196BBE8C00BA4B65 /* NDYViewController.m */; };
		CB076DCD196BBE8C00BA4B65 /* Images.xcassets in Resources */ = {isa = PBXBuildFile; fileRef = CB076DCC196BBE8C00BA4B65 /* Images.xcassets */; };
		CB076DD4196BBE8C00BA4B65 /* XCTest.framework in Frameworks */ = {isa = PBXBuildFile; fileRef = CB076DD3196BBE8C00BA4B65 /* XCTest.framework */; };
		CB076DD5196BBE8C00BA4B65 /* Foundation.framework in Frameworks */ = {isa = PBXBuildFile; fileRef = CB076DB4196BBE8C00BA4B65 /* Foundation.framework */; };
		CB076DD6196BBE8C00BA4B65 /* UIKit.framework in Frameworks */ = {isa = PBXBuildFile; fileRef = CB076DB8196BBE8C00BA4B65 /* UIKit.framework */; };
		CB076DDE196BBE8C00BA4B65 /* InfoPlist.strings in Resources */ = {isa = PBXBuildFile; fileRef = CB076DDC196BBE8C00BA4B65 /* InfoPlist.strings */; };
		CB076DE0196BBE8C00BA4B65 /* nandeyanenTests.m in Sources */ = {isa = PBXBuildFile; fileRef = CB076DDF196BBE8C00BA4B65 /* nandeyanenTests.m */; };
		CB076DEB196BC24C00BA4B65 /* NDYTsukkomiViewController.m in Sources */ = {isa = PBXBuildFile; fileRef = CB076DEA196BC24C00BA4B65 /* NDYTsukkomiViewController.m */; };
		CB702E68196C5CA20048DC5D /* Parse.framework in Frameworks */ = {isa = PBXBuildFile; fileRef = CB702E67196C5CA20048DC5D /* Parse.framework */; };
		CB702E6A196C5CB40048DC5D /* Accounts.framework in Frameworks */ = {isa = PBXBuildFile; fileRef = CB702E69196C5CB40048DC5D /* Accounts.framework */; };
		CB702E6C196C5CBA0048DC5D /* AudioToolbox.framework in Frameworks */ = {isa = PBXBuildFile; fileRef = CB702E6B196C5CBA0048DC5D /* AudioToolbox.framework */; };
		CB702E6E196C5CC00048DC5D /* CFNetwork.framework in Frameworks */ = {isa = PBXBuildFile; fileRef = CB702E6D196C5CC00048DC5D /* CFNetwork.framework */; };
		CB702E70196C5CC70048DC5D /* CoreLocation.framework in Frameworks */ = {isa = PBXBuildFile; fileRef = CB702E6F196C5CC70048DC5D /* CoreLocation.framework */; };
		CB702E72196C5CD00048DC5D /* libz.dylib in Frameworks */ = {isa = PBXBuildFile; fileRef = CB702E71196C5CD00048DC5D /* libz.dylib */; };
		CB702E74196C5CD50048DC5D /* MobileCoreServices.framework in Frameworks */ = {isa = PBXBuildFile; fileRef = CB702E73196C5CD50048DC5D /* MobileCoreServices.framework */; };
		CB702E76196C5CDB0048DC5D /* QuartzCore.framework in Frameworks */ = {isa = PBXBuildFile; fileRef = CB702E75196C5CDB0048DC5D /* QuartzCore.framework */; };
		CB702E78196C5CE00048DC5D /* Security.framework in Frameworks */ = {isa = PBXBuildFile; fileRef = CB702E77196C5CE00048DC5D /* Security.framework */; };
		CB702E7A196C5CE50048DC5D /* Social.framework in Frameworks */ = {isa = PBXBuildFile; fileRef = CB702E79196C5CE50048DC5D /* Social.framework */; };
		CB702E7C196C5CEC0048DC5D /* StoreKit.framework in Frameworks */ = {isa = PBXBuildFile; fileRef = CB702E7B196C5CEC0048DC5D /* StoreKit.framework */; };
		CB702E7E196C5CF10048DC5D /* SystemConfiguration.framework in Frameworks */ = {isa = PBXBuildFile; fileRef = CB702E7D196C5CF10048DC5D /* SystemConfiguration.framework */; };
		CB702E81196C62FC0048DC5D /* NDYSignupViewController.m in Sources */ = {isa = PBXBuildFile; fileRef = CB702E80196C62FC0048DC5D /* NDYSignupViewController.m */; };
		CBC84D54196D153A00C292E4 /* NDYLoginViewController.m in Sources */ = {isa = PBXBuildFile; fileRef = CBC84D53196D153A00C292E4 /* NDYLoginViewController.m */; };
		CBC84D57196D173C00C292E4 /* NDYTopViewController.m in Sources */ = {isa = PBXBuildFile; fileRef = CBC84D56196D173C00C292E4 /* NDYTopViewController.m */; };
/* End PBXBuildFile section */

/* Begin PBXContainerItemProxy section */
		CB076DD7196BBE8C00BA4B65 /* PBXContainerItemProxy */ = {
			isa = PBXContainerItemProxy;
			containerPortal = CB076DA9196BBE8C00BA4B65 /* Project object */;
			proxyType = 1;
			remoteGlobalIDString = CB076DB0196BBE8C00BA4B65;
			remoteInfo = nandeyanen;
		};
/* End PBXContainerItemProxy section */

/* Begin PBXFileReference section */
		CB076DB1196BBE8C00BA4B65 /* nandeyanen.app */ = {isa = PBXFileReference; explicitFileType = wrapper.application; includeInIndex = 0; path = nandeyanen.app; sourceTree = BUILT_PRODUCTS_DIR; };
		CB076DB4196BBE8C00BA4B65 /* Foundation.framework */ = {isa = PBXFileReference; lastKnownFileType = wrapper.framework; name = Foundation.framework; path = System/Library/Frameworks/Foundation.framework; sourceTree = SDKROOT; };
		CB076DB6196BBE8C00BA4B65 /* CoreGraphics.framework */ = {isa = PBXFileReference; lastKnownFileType = wrapper.framework; name = CoreGraphics.framework; path = System/Library/Frameworks/CoreGraphics.framework; sourceTree = SDKROOT; };
		CB076DB8196BBE8C00BA4B65 /* UIKit.framework */ = {isa = PBXFileReference; lastKnownFileType = wrapper.framework; name = UIKit.framework; path = System/Library/Frameworks/UIKit.framework; sourceTree = SDKROOT; };
		CB076DBC196BBE8C00BA4B65 /* nandeyanen-Info.plist */ = {isa = PBXFileReference; lastKnownFileType = text.plist.xml; path = "nandeyanen-Info.plist"; sourceTree = "<group>"; };
		CB076DBE196BBE8C00BA4B65 /* en */ = {isa = PBXFileReference; lastKnownFileType = text.plist.strings; name = en; path = en.lproj/InfoPlist.strings; sourceTree = "<group>"; };
		CB076DC0196BBE8C00BA4B65 /* main.m */ = {isa = PBXFileReference; lastKnownFileType = sourcecode.c.objc; path = main.m; sourceTree = "<group>"; };
		CB076DC2196BBE8C00BA4B65 /* nandeyanen-Prefix.pch */ = {isa = PBXFileReference; lastKnownFileType = sourcecode.c.h; path = "nandeyanen-Prefix.pch"; sourceTree = "<group>"; };
		CB076DC3196BBE8C00BA4B65 /* NDYAppDelegate.h */ = {isa = PBXFileReference; lastKnownFileType = sourcecode.c.h; path = NDYAppDelegate.h; sourceTree = "<group>"; };
		CB076DC4196BBE8C00BA4B65 /* NDYAppDelegate.m */ = {isa = PBXFileReference; lastKnownFileType = sourcecode.c.objc; path = NDYAppDelegate.m; sourceTree = "<group>"; };
		CB076DC7196BBE8C00BA4B65 /* Base */ = {isa = PBXFileReference; lastKnownFileType = file.storyboard; name = Base; path = Base.lproj/Main.storyboard; sourceTree = "<group>"; };
		CB076DC9196BBE8C00BA4B65 /* NDYViewController.h */ = {isa = PBXFileReference; lastKnownFileType = sourcecode.c.h; path = NDYViewController.h; sourceTree = "<group>"; };
		CB076DCA196BBE8C00BA4B65 /* NDYViewController.m */ = {isa = PBXFileReference; lastKnownFileType = sourcecode.c.objc; path = NDYViewController.m; sourceTree = "<group>"; };
		CB076DCC196BBE8C00BA4B65 /* Images.xcassets */ = {isa = PBXFileReference; lastKnownFileType = folder.assetcatalog; path = Images.xcassets; sourceTree = "<group>"; };
		CB076DD2196BBE8C00BA4B65 /* nandeyanenTests.xctest */ = {isa = PBXFileReference; explicitFileType = wrapper.cfbundle; includeInIndex = 0; path = nandeyanenTests.xctest; sourceTree = BUILT_PRODUCTS_DIR; };
		CB076DD3196BBE8C00BA4B65 /* XCTest.framework */ = {isa = PBXFileReference; lastKnownFileType = wrapper.framework; name = XCTest.framework; path = Library/Frameworks/XCTest.framework; sourceTree = DEVELOPER_DIR; };
		CB076DDB196BBE8C00BA4B65 /* nandeyanenTests-Info.plist */ = {isa = PBXFileReference; lastKnownFileType = text.plist.xml; path = "nandeyanenTests-Info.plist"; sourceTree = "<group>"; };
		CB076DDD196BBE8C00BA4B65 /* en */ = {isa = PBXFileReference; lastKnownFileType = text.plist.strings; name = en; path = en.lproj/InfoPlist.strings; sourceTree = "<group>"; };
		CB076DDF196BBE8C00BA4B65 /* nandeyanenTests.m */ = {isa = PBXFileReference; lastKnownFileType = sourcecode.c.objc; path = nandeyanenTests.m; sourceTree = "<group>"; };
		CB076DE9196BC24C00BA4B65 /* NDYTsukkomiViewController.h */ = {isa = PBXFileReference; fileEncoding = 4; lastKnownFileType = sourcecode.c.h; path = NDYTsukkomiViewController.h; sourceTree = "<group>"; };
		CB076DEA196BC24C00BA4B65 /* NDYTsukkomiViewController.m */ = {isa = PBXFileReference; fileEncoding = 4; lastKnownFileType = sourcecode.c.objc; path = NDYTsukkomiViewController.m; sourceTree = "<group>"; };
		CB076DEC196BD58000BA4B65 /* linmath.h */ = {isa = PBXFileReference; fileEncoding = 4; lastKnownFileType = sourcecode.c.h; path = linmath.h; sourceTree = "<group>"; };
		CB702E67196C5CA20048DC5D /* Parse.framework */ = {isa = PBXFileReference; lastKnownFileType = wrapper.framework; path = Parse.framework; sourceTree = "<group>"; };
		CB702E69196C5CB40048DC5D /* Accounts.framework */ = {isa = PBXFileReference; lastKnownFileType = wrapper.framework; name = Accounts.framework; path = System/Library/Frameworks/Accounts.framework; sourceTree = SDKROOT; };
		CB702E6B196C5CBA0048DC5D /* AudioToolbox.framework */ = {isa = PBXFileReference; lastKnownFileType = wrapper.framework; name = AudioToolbox.framework; path = System/Library/Frameworks/AudioToolbox.framework; sourceTree = SDKROOT; };
		CB702E6D196C5CC00048DC5D /* CFNetwork.framework */ = {isa = PBXFileReference; lastKnownFileType = wrapper.framework; name = CFNetwork.framework; path = System/Library/Frameworks/CFNetwork.framework; sourceTree = SDKROOT; };
		CB702E6F196C5CC70048DC5D /* CoreLocation.framework */ = {isa = PBXFileReference; lastKnownFileType = wrapper.framework; name = CoreLocation.framework; path = System/Library/Frameworks/CoreLocation.framework; sourceTree = SDKROOT; };
		CB702E71196C5CD00048DC5D /* libz.dylib */ = {isa = PBXFileReference; lastKnownFileType = "compiled.mach-o.dylib"; name = libz.dylib; path = usr/lib/libz.dylib; sourceTree = SDKROOT; };
		CB702E73196C5CD50048DC5D /* MobileCoreServices.framework */ = {isa = PBXFileReference; lastKnownFileType = wrapper.framework; name = MobileCoreServices.framework; path = System/Library/Frameworks/MobileCoreServices.framework; sourceTree = SDKROOT; };
		CB702E75196C5CDB0048DC5D /* QuartzCore.framework */ = {isa = PBXFileReference; lastKnownFileType = wrapper.framework; name = QuartzCore.framework; path = System/Library/Frameworks/QuartzCore.framework; sourceTree = SDKROOT; };
		CB702E77196C5CE00048DC5D /* Security.framework */ = {isa = PBXFileReference; lastKnownFileType = wrapper.framework; name = Security.framework; path = System/Library/Frameworks/Security.framework; sourceTree = SDKROOT; };
		CB702E79196C5CE50048DC5D /* Social.framework */ = {isa = PBXFileReference; lastKnownFileType = wrapper.framework; name = Social.framework; path = System/Library/Frameworks/Social.framework; sourceTree = SDKROOT; };
		CB702E7B196C5CEC0048DC5D /* StoreKit.framework */ = {isa = PBXFileReference; lastKnownFileType = wrapper.framework; name = StoreKit.framework; path = System/Library/Frameworks/StoreKit.framework; sourceTree = SDKROOT; };
		CB702E7D196C5CF10048DC5D /* SystemConfiguration.framework */ = {isa = PBXFileReference; lastKnownFileType = wrapper.framework; name = SystemConfiguration.framework; path = System/Library/Frameworks/SystemConfiguration.framework; sourceTree = SDKROOT; };
		CB702E7F196C62FC0048DC5D /* NDYSignupViewController.h */ = {isa = PBXFileReference; fileEncoding = 4; lastKnownFileType = sourcecode.c.h; path = NDYSignupViewController.h; sourceTree = "<group>"; };
		CB702E80196C62FC0048DC5D /* NDYSignupViewController.m */ = {isa = PBXFileReference; fileEncoding = 4; lastKnownFileType = sourcecode.c.objc; path = NDYSignupViewController.m; sourceTree = "<group>"; };
		CBC84D52196D153A00C292E4 /* NDYLoginViewController.h */ = {isa = PBXFileReference; fileEncoding = 4; lastKnownFileType = sourcecode.c.h; path = NDYLoginViewController.h; sourceTree = "<group>"; };
		CBC84D53196D153A00C292E4 /* NDYLoginViewController.m */ = {isa = PBXFileReference; fileEncoding = 4; lastKnownFileType = sourcecode.c.objc; path = NDYLoginViewController.m; sourceTree = "<group>"; };
		CBC84D55196D173C00C292E4 /* NDYTopViewController.h */ = {isa = PBXFileReference; fileEncoding = 4; lastKnownFileType = sourcecode.c.h; path = NDYTopViewController.h; sourceTree = "<group>"; };
		CBC84D56196D173C00C292E4 /* NDYTopViewController.m */ = {isa = PBXFileReference; fileEncoding = 4; lastKnownFileType = sourcecode.c.objc; path = NDYTopViewController.m; sourceTree = "<group>"; };
		D7DDDA52B97C4E3AA12534A1 /* Pods.xcconfig */ = {isa = PBXFileReference; includeInIndex = 1; lastKnownFileType = text.xcconfig; name = Pods.xcconfig; path = Pods/Pods.xcconfig; sourceTree = "<group>"; };
		EB5E4D5865F9401FBDFFE722 /* libPods.a */ = {isa = PBXFileReference; explicitFileType = archive.ar; includeInIndex = 0; path = libPods.a; sourceTree = BUILT_PRODUCTS_DIR; };
/* End PBXFileReference section */

/* Begin PBXFrameworksBuildPhase section */
		CB076DAE196BBE8C00BA4B65 /* Frameworks */ = {
			isa = PBXFrameworksBuildPhase;
			buildActionMask = 2147483647;
			files = (
				CB702E7E196C5CF10048DC5D /* SystemConfiguration.framework in Frameworks */,
				CB702E7C196C5CEC0048DC5D /* StoreKit.framework in Frameworks */,
				CB702E7A196C5CE50048DC5D /* Social.framework in Frameworks */,
				CB702E78196C5CE00048DC5D /* Security.framework in Frameworks */,
				CB702E76196C5CDB0048DC5D /* QuartzCore.framework in Frameworks */,
				CB702E74196C5CD50048DC5D /* MobileCoreServices.framework in Frameworks */,
				CB702E72196C5CD00048DC5D /* libz.dylib in Frameworks */,
				CB702E70196C5CC70048DC5D /* CoreLocation.framework in Frameworks */,
				CB702E6E196C5CC00048DC5D /* CFNetwork.framework in Frameworks */,
				CB702E6C196C5CBA0048DC5D /* AudioToolbox.framework in Frameworks */,
				CB702E6A196C5CB40048DC5D /* Accounts.framework in Frameworks */,
				CB076DB7196BBE8C00BA4B65 /* CoreGraphics.framework in Frameworks */,
				CB076DB9196BBE8C00BA4B65 /* UIKit.framework in Frameworks */,
				CB076DB5196BBE8C00BA4B65 /* Foundation.framework in Frameworks */,
				B0EAACF8433D45BFB226C20F /* libPods.a in Frameworks */,
				CB702E68196C5CA20048DC5D /* Parse.framework in Frameworks */,
			);
			runOnlyForDeploymentPostprocessing = 0;
		};
		CB076DCF196BBE8C00BA4B65 /* Frameworks */ = {
			isa = PBXFrameworksBuildPhase;
			buildActionMask = 2147483647;
			files = (
				CB076DD4196BBE8C00BA4B65 /* XCTest.framework in Frameworks */,
				CB076DD6196BBE8C00BA4B65 /* UIKit.framework in Frameworks */,
				CB076DD5196BBE8C00BA4B65 /* Foundation.framework in Frameworks */,
			);
			runOnlyForDeploymentPostprocessing = 0;
		};
/* End PBXFrameworksBuildPhase section */

/* Begin PBXGroup section */
		CB076DA8196BBE8C00BA4B65 = {
			isa = PBXGroup;
			children = (
				CB076DBA196BBE8C00BA4B65 /* nandeyanen */,
				CB076DD9196BBE8C00BA4B65 /* nandeyanenTests */,
				CB076DB3196BBE8C00BA4B65 /* Frameworks */,
				CB076DB2196BBE8C00BA4B65 /* Products */,
				D7DDDA52B97C4E3AA12534A1 /* Pods.xcconfig */,
			);
			sourceTree = "<group>";
		};
		CB076DB2196BBE8C00BA4B65 /* Products */ = {
			isa = PBXGroup;
			children = (
				CB076DB1196BBE8C00BA4B65 /* nandeyanen.app */,
				CB076DD2196BBE8C00BA4B65 /* nandeyanenTests.xctest */,
			);
			name = Products;
			sourceTree = "<group>";
		};
		CB076DB3196BBE8C00BA4B65 /* Frameworks */ = {
			isa = PBXGroup;
			children = (
				CB702E7D196C5CF10048DC5D /* SystemConfiguration.framework */,
				CB702E7B196C5CEC0048DC5D /* StoreKit.framework */,
				CB702E79196C5CE50048DC5D /* Social.framework */,
				CB702E77196C5CE00048DC5D /* Security.framework */,
				CB702E75196C5CDB0048DC5D /* QuartzCore.framework */,
				CB702E73196C5CD50048DC5D /* MobileCoreServices.framework */,
				CB702E71196C5CD00048DC5D /* libz.dylib */,
				CB702E6F196C5CC70048DC5D /* CoreLocation.framework */,
				CB702E6D196C5CC00048DC5D /* CFNetwork.framework */,
				CB702E6B196C5CBA0048DC5D /* AudioToolbox.framework */,
				CB702E69196C5CB40048DC5D /* Accounts.framework */,
				CB702E67196C5CA20048DC5D /* Parse.framework */,
				CB076DB4196BBE8C00BA4B65 /* Foundation.framework */,
				CB076DB6196BBE8C00BA4B65 /* CoreGraphics.framework */,
				CB076DB8196BBE8C00BA4B65 /* UIKit.framework */,
				CB076DD3196BBE8C00BA4B65 /* XCTest.framework */,
				EB5E4D5865F9401FBDFFE722 /* libPods.a */,
			);
			name = Frameworks;
			sourceTree = "<group>";
		};
		CB076DBA196BBE8C00BA4B65 /* nandeyanen */ = {
			isa = PBXGroup;
			children = (
				CB076DC3196BBE8C00BA4B65 /* NDYAppDelegate.h */,
				CB076DC4196BBE8C00BA4B65 /* NDYAppDelegate.m */,
				CB076DC6196BBE8C00BA4B65 /* Main.storyboard */,
				CBC84D55196D173C00C292E4 /* NDYTopViewController.h */,
				CBC84D56196D173C00C292E4 /* NDYTopViewController.m */,
				CBC84D52196D153A00C292E4 /* NDYLoginViewController.h */,
				CBC84D53196D153A00C292E4 /* NDYLoginViewController.m */,
				CB702E7F196C62FC0048DC5D /* NDYSignupViewController.h */,
				CB702E80196C62FC0048DC5D /* NDYSignupViewController.m */,
				CB076DE9196BC24C00BA4B65 /* NDYTsukkomiViewController.h */,
				CB076DEA196BC24C00BA4B65 /* NDYTsukkomiViewController.m */,
				CB076DEC196BD58000BA4B65 /* linmath.h */,
				CB076DC9196BBE8C00BA4B65 /* NDYViewController.h */,
				CB076DCA196BBE8C00BA4B65 /* NDYViewController.m */,
				CB076DCC196BBE8C00BA4B65 /* Images.xcassets */,
				CB076DBB196BBE8C00BA4B65 /* Supporting Files */,
			);
			path = nandeyanen;
			sourceTree = "<group>";
		};
		CB076DBB196BBE8C00BA4B65 /* Supporting Files */ = {
			isa = PBXGroup;
			children = (
				CB076DBC196BBE8C00BA4B65 /* nandeyanen-Info.plist */,
				CB076DBD196BBE8C00BA4B65 /* InfoPlist.strings */,
				CB076DC0196BBE8C00BA4B65 /* main.m */,
				CB076DC2196BBE8C00BA4B65 /* nandeyanen-Prefix.pch */,
			);
			name = "Supporting Files";
			sourceTree = "<group>";
		};
		CB076DD9196BBE8C00BA4B65 /* nandeyanenTests */ = {
			isa = PBXGroup;
			children = (
				CB076DDF196BBE8C00BA4B65 /* nandeyanenTests.m */,
				CB076DDA196BBE8C00BA4B65 /* Supporting Files */,
			);
			path = nandeyanenTests;
			sourceTree = "<group>";
		};
		CB076DDA196BBE8C00BA4B65 /* Supporting Files */ = {
			isa = PBXGroup;
			children = (
				CB076DDB196BBE8C00BA4B65 /* nandeyanenTests-Info.plist */,
				CB076DDC196BBE8C00BA4B65 /* InfoPlist.strings */,
			);
			name = "Supporting Files";
			sourceTree = "<group>";
		};
/* End PBXGroup section */

/* Begin PBXNativeTarget section */
		CB076DB0196BBE8C00BA4B65 /* nandeyanen */ = {
			isa = PBXNativeTarget;
			buildConfigurationList = CB076DE3196BBE8C00BA4B65 /* Build configuration list for PBXNativeTarget "nandeyanen" */;
			buildPhases = (
				12F814CC669B42A29E036CEC /* Check Pods Manifest.lock */,
				CB076DAD196BBE8C00BA4B65 /* Sources */,
				CB076DAE196BBE8C00BA4B65 /* Frameworks */,
				CB076DAF196BBE8C00BA4B65 /* Resources */,
				3116BFB7D179441799B073C8 /* Copy Pods Resources */,
			);
			buildRules = (
			);
			dependencies = (
			);
			name = nandeyanen;
			productName = nandeyanen;
			productReference = CB076DB1196BBE8C00BA4B65 /* nandeyanen.app */;
			productType = "com.apple.product-type.application";
		};
		CB076DD1196BBE8C00BA4B65 /* nandeyanenTests */ = {
			isa = PBXNativeTarget;
			buildConfigurationList = CB076DE6196BBE8C00BA4B65 /* Build configuration list for PBXNativeTarget "nandeyanenTests" */;
			buildPhases = (
				CB076DCE196BBE8C00BA4B65 /* Sources */,
				CB076DCF196BBE8C00BA4B65 /* Frameworks */,
				CB076DD0196BBE8C00BA4B65 /* Resources */,
			);
			buildRules = (
			);
			dependencies = (
				CB076DD8196BBE8C00BA4B65 /* PBXTargetDependency */,
			);
			name = nandeyanenTests;
			productName = nandeyanenTests;
			productReference = CB076DD2196BBE8C00BA4B65 /* nandeyanenTests.xctest */;
			productType = "com.apple.product-type.bundle.unit-test";
		};
/* End PBXNativeTarget section */

/* Begin PBXProject section */
		CB076DA9196BBE8C00BA4B65 /* Project object */ = {
			isa = PBXProject;
			attributes = {
				CLASSPREFIX = NDY;
				LastUpgradeCheck = 0510;
				ORGANIZATIONNAME = "Keichi Takahashi";
				TargetAttributes = {
					CB076DD1196BBE8C00BA4B65 = {
						TestTargetID = CB076DB0196BBE8C00BA4B65;
					};
				};
			};
			buildConfigurationList = CB076DAC196BBE8C00BA4B65 /* Build configuration list for PBXProject "nandeyanen" */;
			compatibilityVersion = "Xcode 3.2";
			developmentRegion = English;
			hasScannedForEncodings = 0;
			knownRegions = (
				en,
				Base,
			);
			mainGroup = CB076DA8196BBE8C00BA4B65;
			productRefGroup = CB076DB2196BBE8C00BA4B65 /* Products */;
			projectDirPath = "";
			projectRoot = "";
			targets = (
				CB076DB0196BBE8C00BA4B65 /* nandeyanen */,
				CB076DD1196BBE8C00BA4B65 /* nandeyanenTests */,
			);
		};
/* End PBXProject section */

/* Begin PBXResourcesBuildPhase section */
		CB076DAF196BBE8C00BA4B65 /* Resources */ = {
			isa = PBXResourcesBuildPhase;
			buildActionMask = 2147483647;
			files = (
				CB076DCD196BBE8C00BA4B65 /* Images.xcassets in Resources */,
				CB076DBF196BBE8C00BA4B65 /* InfoPlist.strings in Resources */,
				CB076DC8196BBE8C00BA4B65 /* Main.storyboard in Resources */,
			);
			runOnlyForDeploymentPostprocessing = 0;
		};
		CB076DD0196BBE8C00BA4B65 /* Resources */ = {
			isa = PBXResourcesBuildPhase;
			buildActionMask = 2147483647;
			files = (
				CB076DDE196BBE8C00BA4B65 /* InfoPlist.strings in Resources */,
			);
			runOnlyForDeploymentPostprocessing = 0;
		};
/* End PBXResourcesBuildPhase section */

/* Begin PBXShellScriptBuildPhase section */
		12F814CC669B42A29E036CEC /* Check Pods Manifest.lock */ = {
			isa = PBXShellScriptBuildPhase;
			buildActionMask = 2147483647;
			files = (
			);
			inputPaths = (
			);
			name = "Check Pods Manifest.lock";
			outputPaths = (
			);
			runOnlyForDeploymentPostprocessing = 0;
			shellPath = /bin/sh;
			shellScript = "diff \"${PODS_ROOT}/../Podfile.lock\" \"${PODS_ROOT}/Manifest.lock\" > /dev/null\nif [[ $? != 0 ]] ; then\n    cat << EOM\nerror: The sandbox is not in sync with the Podfile.lock. Run 'pod install' or update your CocoaPods installation.\nEOM\n    exit 1\nfi\n";
			showEnvVarsInLog = 0;
		};
		3116BFB7D179441799B073C8 /* Copy Pods Resources */ = {
			isa = PBXShellScriptBuildPhase;
			buildActionMask = 2147483647;
			files = (
			);
			inputPaths = (
			);
			name = "Copy Pods Resources";
			outputPaths = (
			);
			runOnlyForDeploymentPostprocessing = 0;
			shellPath = /bin/sh;
			shellScript = "\"${SRCROOT}/Pods/Pods-resources.sh\"\n";
			showEnvVarsInLog = 0;
		};
/* End PBXShellScriptBuildPhase section */

/* Begin PBXSourcesBuildPhase section */
		CB076DAD196BBE8C00BA4B65 /* Sources */ = {
			isa = PBXSourcesBuildPhase;
			buildActionMask = 2147483647;
			files = (
				CB076DCB196BBE8C00BA4B65 /* NDYViewController.m in Sources */,
				CB702E81196C62FC0048DC5D /* NDYSignupViewController.m in Sources */,
				CB076DC5196BBE8C00BA4B65 /* NDYAppDelegate.m in Sources */,
				CB076DC1196BBE8C00BA4B65 /* main.m in Sources */,
				CBC84D54196D153A00C292E4 /* NDYLoginViewController.m in Sources */,
				CBC84D57196D173C00C292E4 /* NDYTopViewController.m in Sources */,
				CB076DEB196BC24C00BA4B65 /* NDYTsukkomiViewController.m in Sources */,
			);
			runOnlyForDeploymentPostprocessing = 0;
		};
		CB076DCE196BBE8C00BA4B65 /* Sources */ = {
			isa = PBXSourcesBuildPhase;
			buildActionMask = 2147483647;
			files = (
				CB076DE0196BBE8C00BA4B65 /* nandeyanenTests.m in Sources */,
			);
			runOnlyForDeploymentPostprocessing = 0;
		};
/* End PBXSourcesBuildPhase section */

/* Begin PBXTargetDependency section */
		CB076DD8196BBE8C00BA4B65 /* PBXTargetDependency */ = {
			isa = PBXTargetDependency;
			target = CB076DB0196BBE8C00BA4B65 /* nandeyanen */;
			targetProxy = CB076DD7196BBE8C00BA4B65 /* PBXContainerItemProxy */;
		};
/* End PBXTargetDependency section */

/* Begin PBXVariantGroup section */
		CB076DBD196BBE8C00BA4B65 /* InfoPlist.strings */ = {
			isa = PBXVariantGroup;
			children = (
				CB076DBE196BBE8C00BA4B65 /* en */,
			);
			name = InfoPlist.strings;
			sourceTree = "<group>";
		};
		CB076DC6196BBE8C00BA4B65 /* Main.storyboard */ = {
			isa = PBXVariantGroup;
			children = (
				CB076DC7196BBE8C00BA4B65 /* Base */,
			);
			name = Main.storyboard;
			sourceTree = "<group>";
		};
		CB076DDC196BBE8C00BA4B65 /* InfoPlist.strings */ = {
			isa = PBXVariantGroup;
			children = (
				CB076DDD196BBE8C00BA4B65 /* en */,
			);
			name = InfoPlist.strings;
			sourceTree = "<group>";
		};
/* End PBXVariantGroup section */

/* Begin XCBuildConfiguration section */
		CB076DE1196BBE8C00BA4B65 /* Debug */ = {
			isa = XCBuildConfiguration;
			buildSettings = {
				ALWAYS_SEARCH_USER_PATHS = NO;
				CLANG_CXX_LANGUAGE_STANDARD = "gnu++0x";
				CLANG_CXX_LIBRARY = "libc++";
				CLANG_ENABLE_MODULES = YES;
				CLANG_ENABLE_OBJC_ARC = YES;
				CLANG_WARN_BOOL_CONVERSION = YES;
				CLANG_WARN_CONSTANT_CONVERSION = YES;
				CLANG_WARN_DIRECT_OBJC_ISA_USAGE = YES_ERROR;
				CLANG_WARN_EMPTY_BODY = YES;
				CLANG_WARN_ENUM_CONVERSION = YES;
				CLANG_WARN_INT_CONVERSION = YES;
				CLANG_WARN_OBJC_ROOT_CLASS = YES_ERROR;
				CLANG_WARN__DUPLICATE_METHOD_MATCH = YES;
				"CODE_SIGN_IDENTITY[sdk=iphoneos*]" = "iPhone Developer";
				COPY_PHASE_STRIP = NO;
				GCC_C_LANGUAGE_STANDARD = gnu99;
				GCC_DYNAMIC_NO_PIC = NO;
				GCC_OPTIMIZATION_LEVEL = 0;
				GCC_PREPROCESSOR_DEFINITIONS = (
					"DEBUG=1",
					"$(inherited)",
				);
				GCC_SYMBOLS_PRIVATE_EXTERN = NO;
				GCC_WARN_64_TO_32_BIT_CONVERSION = YES;
				GCC_WARN_ABOUT_RETURN_TYPE = YES_ERROR;
				GCC_WARN_UNDECLARED_SELECTOR = YES;
				GCC_WARN_UNINITIALIZED_AUTOS = YES_AGGRESSIVE;
				GCC_WARN_UNUSED_FUNCTION = YES;
				GCC_WARN_UNUSED_VARIABLE = YES;
				IPHONEOS_DEPLOYMENT_TARGET = 7.1;
				ONLY_ACTIVE_ARCH = YES;
				SDKROOT = iphoneos;
			};
			name = Debug;
		};
		CB076DE2196BBE8C00BA4B65 /* Release */ = {
			isa = XCBuildConfiguration;
			buildSettings = {
				ALWAYS_SEARCH_USER_PATHS = NO;
				CLANG_CXX_LANGUAGE_STANDARD = "gnu++0x";
				CLANG_CXX_LIBRARY = "libc++";
				CLANG_ENABLE_MODULES = YES;
				CLANG_ENABLE_OBJC_ARC = YES;
				CLANG_WARN_BOOL_CONVERSION = YES;
				CLANG_WARN_CONSTANT_CONVERSION = YES;
				CLANG_WARN_DIRECT_OBJC_ISA_USAGE = YES_ERROR;
				CLANG_WARN_EMPTY_BODY = YES;
				CLANG_WARN_ENUM_CONVERSION = YES;
				CLANG_WARN_INT_CONVERSION = YES;
				CLANG_WARN_OBJC_ROOT_CLASS = YES_ERROR;
				CLANG_WARN__DUPLICATE_METHOD_MATCH = YES;
				"CODE_SIGN_IDENTITY[sdk=iphoneos*]" = "iPhone Developer";
				COPY_PHASE_STRIP = YES;
				ENABLE_NS_ASSERTIONS = NO;
				GCC_C_LANGUAGE_STANDARD = gnu99;
				GCC_WARN_64_TO_32_BIT_CONVERSION = YES;
				GCC_WARN_ABOUT_RETURN_TYPE = YES_ERROR;
				GCC_WARN_UNDECLARED_SELECTOR = YES;
				GCC_WARN_UNINITIALIZED_AUTOS = YES_AGGRESSIVE;
				GCC_WARN_UNUSED_FUNCTION = YES;
				GCC_WARN_UNUSED_VARIABLE = YES;
				IPHONEOS_DEPLOYMENT_TARGET = 7.1;
				SDKROOT = iphoneos;
				VALIDATE_PRODUCT = YES;
			};
			name = Release;
		};
		CB076DE4196BBE8C00BA4B65 /* Debug */ = {
			isa = XCBuildConfiguration;
			baseConfigurationReference = D7DDDA52B97C4E3AA12534A1 /* Pods.xcconfig */;
			buildSettings = {
				ASSETCATALOG_COMPILER_APPICON_NAME = AppIcon;
				ASSETCATALOG_COMPILER_LAUNCHIMAGE_NAME = LaunchImage;
				FRAMEWORK_SEARCH_PATHS = (
					"$(inherited)",
					"$(PROJECT_DIR)",
				);
				GCC_PRECOMPILE_PREFIX_HEADER = YES;
				GCC_PREFIX_HEADER = "nandeyanen/nandeyanen-Prefix.pch";
				INFOPLIST_FILE = "nandeyanen/nandeyanen-Info.plist";
				OTHER_LDFLAGS = (
					"-licucore",
					"-framework",
					CFNetwork,
					"-framework",
					Security,
				);
				PRODUCT_NAME = "$(TARGET_NAME)";
				WRAPPER_EXTENSION = app;
			};
			name = Debug;
		};
		CB076DE5196BBE8C00BA4B65 /* Release */ = {
			isa = XCBuildConfiguration;
			baseConfigurationReference = D7DDDA52B97C4E3AA12534A1 /* Pods.xcconfig */;
			buildSettings = {
				ASSETCATALOG_COMPILER_APPICON_NAME = AppIcon;
				ASSETCATALOG_COMPILER_LAUNCHIMAGE_NAME = LaunchImage;
				FRAMEWORK_SEARCH_PATHS = (
					"$(inherited)",
					"$(PROJECT_DIR)",
				);
				GCC_PRECOMPILE_PREFIX_HEADER = YES;
				GCC_PREFIX_HEADER = "nandeyanen/nandeyanen-Prefix.pch";
				INFOPLIST_FILE = "nandeyanen/nandeyanen-Info.plist";
				OTHER_LDFLAGS = (
					"-licucore",
					"-framework",
					CFNetwork,
					"-framework",
					Security,
				);
				PRODUCT_NAME = "$(TARGET_NAME)";
				WRAPPER_EXTENSION = app;
			};
			name = Release;
		};
		CB076DE7196BBE8C00BA4B65 /* Debug */ = {
			isa = XCBuildConfiguration;
			buildSettings = {
				BUNDLE_LOADER = "$(BUILT_PRODUCTS_DIR)/nandeyanen.app/nandeyanen";
				FRAMEWORK_SEARCH_PATHS = (
					"$(SDKROOT)/Developer/Library/Frameworks",
					"$(inherited)",
					"$(DEVELOPER_FRAMEWORKS_DIR)",
				);
				GCC_PRECOMPILE_PREFIX_HEADER = YES;
				GCC_PREFIX_HEADER = "nandeyanen/nandeyanen-Prefix.pch";
				GCC_PREPROCESSOR_DEFINITIONS = (
					"DEBUG=1",
					"$(inherited)",
				);
				INFOPLIST_FILE = "nandeyanenTests/nandeyanenTests-Info.plist";
				PRODUCT_NAME = "$(TARGET_NAME)";
				TEST_HOST = "$(BUNDLE_LOADER)";
				WRAPPER_EXTENSION = xctest;
			};
			name = Debug;
		};
		CB076DE8196BBE8C00BA4B65 /* Release */ = {
			isa = XCBuildConfiguration;
			buildSettings = {
				BUNDLE_LOADER = "$(BUILT_PRODUCTS_DIR)/nandeyanen.app/nandeyanen";
				FRAMEWORK_SEARCH_PATHS = (
					"$(SDKROOT)/Developer/Library/Frameworks",
					"$(inherited)",
					"$(DEVELOPER_FRAMEWORKS_DIR)",
				);
				GCC_PRECOMPILE_PREFIX_HEADER = YES;
				GCC_PREFIX_HEADER = "nandeyanen/nandeyanen-Prefix.pch";
				INFOPLIST_FILE = "nandeyanenTests/nandeyanenTests-Info.plist";
				PRODUCT_NAME = "$(TARGET_NAME)";
				TEST_HOST = "$(BUNDLE_LOADER)";
				WRAPPER_EXTENSION = xctest;
			};
			name = Release;
		};
/* End XCBuildConfiguration section */

/* Begin XCConfigurationList section */
		CB076DAC196BBE8C00BA4B65 /* Build configuration list for PBXProject "nandeyanen" */ = {
			isa = XCConfigurationList;
			buildConfigurations = (
				CB076DE1196BBE8C00BA4B65 /* Debug */,
				CB076DE2196BBE8C00BA4B65 /* Release */,
			);
			defaultConfigurationIsVisible = 0;
			defaultConfigurationName = Release;
		};
		CB076DE3196BBE8C00BA4B65 /* Build configuration list for PBXNativeTarget "nandeyanen" */ = {
			isa = XCConfigurationList;
			buildConfigurations = (
				CB076DE4196BBE8C00BA4B65 /* Debug */,
				CB076DE5196BBE8C00BA4B65 /* Release */,
			);
			defaultConfigurationIsVisible = 0;
			defaultConfigurationName = Release;
		};
		CB076DE6196BBE8C00BA4B65 /* Build configuration list for PBXNativeTarget "nandeyanenTests" */ = {
			isa = XCConfigurationList;
			buildConfigurations = (
				CB076DE7196BBE8C00BA4B65 /* Debug */,
				CB076DE8196BBE8C00BA4B65 /* Release */,
			);
			defaultConfigurationIsVisible = 0;
			defaultConfigurationName = Release;
		};
/* End XCConfigurationList section */
	};
	rootObject = CB076DA9196BBE8C00BA4B65 /* Project object */;
}
